{
    "_readme": [
        "This file locks the dependencies of your project to a known state",
        "Read more about it at https://getcomposer.org/doc/01-basic-usage.md#composer-lock-the-lock-file",
        "This file is @generated automatically"
    ],
    "content-hash": "4aece48ed8d89846c5147593bf5f7ac7",
    "packages": [
        {
            "name": "camspiers/statistical-classifier",
            "version": "0.8.0",
            "source": {
                "type": "git",
                "url": "https://github.com/camspiers/statistical-classifier.git",
                "reference": "e5e622ade4db6f3be4b4ec72c507926800e91687"
            },
            "dist": {
                "type": "zip",
                "url": "https://api.github.com/repos/camspiers/statistical-classifier/zipball/e5e622ade4db6f3be4b4ec72c507926800e91687",
                "reference": "e5e622ade4db6f3be4b4ec72c507926800e91687",
                "shasum": ""
            },
            "require": {
                "php": ">=5.3.3",
                "symfony/config": "~2.2",
                "symfony/options-resolver": "~2.2"
            },
            "require-dev": {
                "maximebf/cachecache": "~1.0",
                "mikey179/vfsstream": "~1.2",
                "phpunit/phpunit": "~3.7"
            },
            "suggest": {
                "camspiers/porter-stemmer": "Using a stemmer can help with language based classification",
                "maximebf/cachecache": "Using caching will help improve performance on large datasets"
            },
            "type": "library",
            "extra": {
                "branch-alias": {
                    "dev-master": "0.7.x-dev"
                }
            },
            "autoload": {
                "psr-0": {
                    "Camspiers\\StatisticalClassifier": "src/"
                }
            },
            "notification-url": "https://packagist.org/downloads/",
            "license": [
                "MIT"
            ],
            "authors": [
                {
                    "name": "Cam Spiers",
                    "email": "camspiers@gmail.com"
                }
            ],
            "description": "A PHP implementation of Complement Naive Bayes and SVM statistical classifiers, including a structure for building other classifier, multiple data sources and multiple caching backends",
            "homepage": "http://php-classifier.com/",
            "keywords": [
                "bayes",
                "classifier",
                "naive",
                "svm"
            ],
            "time": "2014-01-05T22:29:29+00:00"
        },
        {
            "name": "symfony/config",
            "version": "v2.8.15",
            "source": {
                "type": "git",
                "url": "https://github.com/symfony/config.git",
                "reference": "b522856007b258f46d5ee35d3b7b235c11e76e86"
            },
            "dist": {
                "type": "zip",
                "url": "https://api.github.com/repos/symfony/config/zipball/b522856007b258f46d5ee35d3b7b235c11e76e86",
                "reference": "b522856007b258f46d5ee35d3b7b235c11e76e86",
                "shasum": ""
            },
            "require": {
                "php": ">=5.3.9",
                "symfony/filesystem": "~2.3|~3.0.0"
            },
            "require-dev": {
                "symfony/yaml": "~2.7|~3.0.0"
            },
            "suggest": {
                "symfony/yaml": "To use the yaml reference dumper"
            },
            "type": "library",
            "extra": {
                "branch-alias": {
                    "dev-master": "2.8-dev"
                }
            },
            "autoload": {
                "psr-4": {
                    "Symfony\\Component\\Config\\": ""
                },
                "exclude-from-classmap": [
                    "/Tests/"
                ]
            },
            "notification-url": "https://packagist.org/downloads/",
            "license": [
                "MIT"
            ],
            "authors": [
                {
                    "name": "Fabien Potencier",
                    "email": "fabien@symfony.com"
                },
                {
                    "name": "Symfony Community",
                    "homepage": "https://symfony.com/contributors"
                }
            ],
            "description": "Symfony Config Component",
            "homepage": "https://symfony.com",
            "time": "2016-12-10T08:21:45+00:00"
        },
        {
            "name": "symfony/filesystem",
            "version": "v3.0.9",
            "source": {
                "type": "git",
                "url": "https://github.com/symfony/filesystem.git",
                "reference": "b2da5009d9bacbd91d83486aa1f44c793a8c380d"
            },
            "dist": {
                "type": "zip",
                "url": "https://api.github.com/repos/symfony/filesystem/zipball/b2da5009d9bacbd91d83486aa1f44c793a8c380d",
                "reference": "b2da5009d9bacbd91d83486aa1f44c793a8c380d",
                "shasum": ""
            },
            "require": {
                "php": ">=5.5.9"
            },
            "type": "library",
            "extra": {
                "branch-alias": {
                    "dev-master": "3.0-dev"
                }
            },
            "autoload": {
                "psr-4": {
                    "Symfony\\Component\\Filesystem\\": ""
                },
                "exclude-from-classmap": [
                    "/Tests/"
                ]
            },
            "notification-url": "https://packagist.org/downloads/",
            "license": [
                "MIT"
            ],
            "authors": [
                {
                    "name": "Fabien Potencier",
                    "email": "fabien@symfony.com"
                },
                {
                    "name": "Symfony Community",
                    "homepage": "https://symfony.com/contributors"
                }
            ],
            "description": "Symfony Filesystem Component",
            "homepage": "https://symfony.com",
            "time": "2016-07-20T05:43:46+00:00"
        },
        {
            "name": "symfony/options-resolver",
            "version": "v2.8.15",
            "source": {
                "type": "git",
                "url": "https://github.com/symfony/options-resolver.git",
                "reference": "4820e0d73b95b788986a5a61434a75aa2f87eb87"
            },
            "dist": {
                "type": "zip",
                "url": "https://api.github.com/repos/symfony/options-resolver/zipball/4820e0d73b95b788986a5a61434a75aa2f87eb87",
                "reference": "4820e0d73b95b788986a5a61434a75aa2f87eb87",
                "shasum": ""
            },
            "require": {
                "php": ">=5.3.9"
            },
            "type": "library",
            "extra": {
                "branch-alias": {
                    "dev-master": "2.8-dev"
                }
            },
            "autoload": {
                "psr-4": {
                    "Symfony\\Component\\OptionsResolver\\": ""
                },
                "exclude-from-classmap": [
                    "/Tests/"
                ]
            },
            "notification-url": "https://packagist.org/downloads/",
            "license": [
                "MIT"
            ],
            "authors": [
                {
                    "name": "Fabien Potencier",
                    "email": "fabien@symfony.com"
                },
                {
                    "name": "Symfony Community",
                    "homepage": "https://symfony.com/contributors"
                }
            ],
            "description": "Symfony OptionsResolver Component",
            "homepage": "https://symfony.com",
            "keywords": [
                "config",
                "configuration",
                "options"
            ],
            "time": "2016-10-18T04:28:30+00:00"
        }
    ],
    "packages-dev": [],
    "aliases": [],
    "minimum-stability": "stable",
    "stability-flags": [],
    "prefer-stable": false,
    "prefer-lowest": false,
    "platform": [],
    "platform-dev": []
}
